
Microsoft Visual Studio Solution File, Format Version 12.00
# Visual Studio Version 17
VisualStudioVersion = 17.13.35931.197 d17.13
MinimumVisualStudioVersion = 10.0.40219.1
Project("{FAE04EC0-301F-11D3-BF4B-00C04F79EFBC}") = "TODO.WebApi", "TODO.WebApi\TODO.WebApi.csproj", "{A04F9B5E-E714-4B0C-B84F-191ED1A76677}"
EndProject
Global
	GlobalSection(SolutionConfigurationPlatforms) = preSolution
		Debug|Any CPU = Debug|Any CPU
		Release|Any CPU = Release|Any CPU
	EndGlobalSection
	GlobalSection(ProjectConfigurationPlatforms) = postSolution
		{A04F9B5E-E714-4B0C-B84F-191ED1A76677}.Debug|Any CPU.ActiveCfg = Debug|Any CPU
		{A04F9B5E-E714-4B0C-B84F-191ED1A76677}.Debug|Any CPU.Build.0 = Debug|Any CPU
		{A04F9B5E-E714-4B0C-B84F-191ED1A76677}.Release|Any CPU.ActiveCfg = Release|Any CPU
		{A04F9B5E-E714-4B0C-B84F-191ED1A76677}.Release|Any CPU.Build.0 = Release|Any CPU
	EndGlobalSection
	GlobalSection(SolutionProperties) = preSolution
		HideSolutionNode = FALSE
	EndGlobalSection
	GlobalSection(ExtensibilityGlobals) = postSolution
		SolutionGuid = {D0E0ADA9-317A-47E3-A187-D09C30CE2CBA}
	EndGlobalSection
EndGlobal
